
Microsoft Visual Studio Solution File, Format Version 12.00
# Visual Studio 15
VisualStudioVersion = 15.0.28010.2050
MinimumVisualStudioVersion = 10.0.40219.1
Project("{FAE04EC0-301F-11D3-BF4B-00C04F79EFBC}") = "HelloWorldForJenkins", "HelloWorldForJenkins\HelloWorldForJenkins.csproj", "{17531AB9-F0D3-416D-B554-614D509BB4C0}"
EndProject
Project("{FAE04EC0-301F-11D3-BF4B-00C04F79EFBC}") = "UnitTestProject", "UnitTestProject\UnitTestProject.csproj", "{18D08E9C-907B-4112-AB85-7989074EBD18}"
EndProject
Global
	GlobalSection(SolutionConfigurationPlatforms) = preSolution
		Debug|Any CPU = Debug|Any CPU
		Release|Any CPU = Release|Any CPU
	EndGlobalSection
	GlobalSection(ProjectConfigurationPlatforms) = postSolution
		{17531AB9-F0D3-416D-B554-614D509BB4C0}.Debug|Any CPU.ActiveCfg = Debug|Any CPU
		{17531AB9-F0D3-416D-B554-614D509BB4C0}.Debug|Any CPU.Build.0 = Debug|Any CPU
		{17531AB9-F0D3-416D-B554-614D509BB4C0}.Release|Any CPU.ActiveCfg = Release|Any CPU
		{17531AB9-F0D3-416D-B554-614D509BB4C0}.Release|Any CPU.Build.0 = Release|Any CPU
		{18D08E9C-907B-4112-AB85-7989074EBD18}.Debug|Any CPU.ActiveCfg = Debug|Any CPU
		{18D08E9C-907B-4112-AB85-7989074EBD18}.Debug|Any CPU.Build.0 = Debug|Any CPU
		{18D08E9C-907B-4112-AB85-7989074EBD18}.Release|Any CPU.ActiveCfg = Release|Any CPU
		{18D08E9C-907B-4112-AB85-7989074EBD18}.Release|Any CPU.Build.0 = Release|Any CPU
	EndGlobalSection
	GlobalSection(SolutionProperties) = preSolution
		HideSolutionNode = FALSE
	EndGlobalSection
	GlobalSection(ExtensibilityGlobals) = postSolution
		SolutionGuid = {A259A860-848A-4BA5-BE16-61B434F51E04}
	EndGlobalSection
EndGlobal
